
Microsoft Visual Studio Solution File, Format Version 12.00
# Visual Studio Version 17
VisualStudioVersion = 17.8.34322.80
MinimumVisualStudioVersion = 10.0.40219.1
Project("{FAE04EC0-301F-11D3-BF4B-00C04F79EFBC}") = "WebApplication12", "WebApplication12\WebApplication12.csproj", "{2B289A20-1963-403D-85F6-16B6B593285A}"
EndProject
Global
	GlobalSection(SolutionConfigurationPlatforms) = preSolution
		Debug|Any CPU = Debug|Any CPU
		Release|Any CPU = Release|Any CPU
	EndGlobalSection
	GlobalSection(ProjectConfigurationPlatforms) = postSolution
		{2B289A20-1963-403D-85F6-16B6B593285A}.Debug|Any CPU.ActiveCfg = Debug|Any CPU
		{2B289A20-1963-403D-85F6-16B6B593285A}.Debug|Any CPU.Build.0 = Debug|Any CPU
		{2B289A20-1963-403D-85F6-16B6B593285A}.Release|Any CPU.ActiveCfg = Release|Any CPU
		{2B289A20-1963-403D-85F6-16B6B593285A}.Release|Any CPU.Build.0 = Release|Any CPU
	EndGlobalSection
	GlobalSection(SolutionProperties) = preSolution
		HideSolutionNode = FALSE
	EndGlobalSection
	GlobalSection(ExtensibilityGlobals) = postSolution
		SolutionGuid = {87907494-B59E-44E6-BAB9-25D1309362A2}
	EndGlobalSection
EndGlobal
